
Microsoft Visual Studio Solution File, Format Version 12.00
# Visual Studio 15
Project("{FAE04EC0-301F-11D3-BF4B-00C04F79EFBC}") = "Chel.TaxiApp.Core", "Core\Chel.TaxiApp.Core\Chel.TaxiApp.Core.csproj", "{945FB8D4-9CCA-463E-BBB3-467A96647666}"
EndProject
Project("{FAE04EC0-301F-11D3-BF4B-00C04F79EFBC}") = "Chel.TaxiApp.API.DriverAppWeb", "API\Chel.TaxiApp.API.DriverAppWeb\Chel.TaxiApp.API.DriverAppWeb.csproj", "{113FCB2F-ED8F-4F23-9882-5AA0E761A6C3}"
EndProject
Project("{FAE04EC0-301F-11D3-BF4B-00C04F79EFBC}") = "Chel.TaxiApp.API.PassengerAppWeb", "API\Chel.TaxiApp.API.PassengerAppWeb\Chel.TaxiApp.API.PassengerAppWeb.csproj", "{DA130AE1-CBA9-4EA8-A6B0-C2E5483AA883}"
EndProject
Project("{2150E333-8FDC-42A3-9474-1A3956D46DE8}") = "API", "API", "{FF3EBC5D-1AEF-496A-99BC-C7A5CD65A4D4}"
EndProject
Project("{2150E333-8FDC-42A3-9474-1A3956D46DE8}") = "Core", "Core", "{F05CC7CB-B9DE-4172-97A4-71ABF78A2B4A}"
EndProject
Project("{2150E333-8FDC-42A3-9474-1A3956D46DE8}") = "Tests", "Tests", "{212D4C90-B2E5-434C-995C-4DB9D9DD6412}"
EndProject
Project("{2150E333-8FDC-42A3-9474-1A3956D46DE8}") = "Infrastructure", "Infrastructure", "{EF4C6E72-6A8D-4256-B08D-040829E51847}"
EndProject
Project("{2150E333-8FDC-42A3-9474-1A3956D46DE8}") = "Domain", "Domain", "{1AA1402C-5DE7-4AD1-89DE-48AE40E403C9}"
EndProject
Project("{2150E333-8FDC-42A3-9474-1A3956D46DE8}") = "DAL", "DAL", "{7AD32030-9531-4298-B1AB-9A3DE5296BF2}"
EndProject
Project("{2150E333-8FDC-42A3-9474-1A3956D46DE8}") = "CompositionRoot", "CompositionRoot", "{CAEEF1E9-423A-4AFA-9A84-029DF35BA397}"
EndProject
Project("{FAE04EC0-301F-11D3-BF4B-00C04F79EFBC}") = "Chel.TaxiApp.CompositionRoot", "CompositionRoot\Chel.TaxiApp.CompositionRoot\Chel.TaxiApp.CompositionRoot.csproj", "{F4181037-348E-4BBC-9D3D-155777D3A85E}"
EndProject
Project("{FAE04EC0-301F-11D3-BF4B-00C04F79EFBC}") = "Chel.TaxiApp.Domain.Common", "Domain\Chel.TaxiApp.Domain.Common\Chel.TaxiApp.Domain.Common.csproj", "{B59F9672-9275-4AE3-9FD0-38FF9CCD3694}"
EndProject
Project("{FAE04EC0-301F-11D3-BF4B-00C04F79EFBC}") = "Chel.TaxiApp.Domain.Driver", "Domain\Chel.TaxiApp.Domain.Driver\Chel.TaxiApp.Domain.Driver.csproj", "{18F96D26-1279-4265-B836-E10A2B5CBB94}"
EndProject
Project("{FAE04EC0-301F-11D3-BF4B-00C04F79EFBC}") = "Chel.TaxiApp.Domain.Passenger", "Domain\Chel.TaxiApp.Domain.Passenger\Chel.TaxiApp.Domain.Passenger.csproj", "{34E24F08-6B9B-4269-95B4-E4ADE7AFEE6A}"
EndProject
Global
	GlobalSection(SolutionConfigurationPlatforms) = preSolution
		Debug|Any CPU = Debug|Any CPU
		Release|Any CPU = Release|Any CPU
	EndGlobalSection
	GlobalSection(ProjectConfigurationPlatforms) = postSolution
		{945FB8D4-9CCA-463E-BBB3-467A96647666}.Debug|Any CPU.ActiveCfg = Debug|Any CPU
		{945FB8D4-9CCA-463E-BBB3-467A96647666}.Debug|Any CPU.Build.0 = Debug|Any CPU
		{945FB8D4-9CCA-463E-BBB3-467A96647666}.Release|Any CPU.ActiveCfg = Release|Any CPU
		{945FB8D4-9CCA-463E-BBB3-467A96647666}.Release|Any CPU.Build.0 = Release|Any CPU
		{113FCB2F-ED8F-4F23-9882-5AA0E761A6C3}.Debug|Any CPU.ActiveCfg = Debug|Any CPU
		{113FCB2F-ED8F-4F23-9882-5AA0E761A6C3}.Debug|Any CPU.Build.0 = Debug|Any CPU
		{113FCB2F-ED8F-4F23-9882-5AA0E761A6C3}.Release|Any CPU.ActiveCfg = Release|Any CPU
		{113FCB2F-ED8F-4F23-9882-5AA0E761A6C3}.Release|Any CPU.Build.0 = Release|Any CPU
		{DA130AE1-CBA9-4EA8-A6B0-C2E5483AA883}.Debug|Any CPU.ActiveCfg = Debug|Any CPU
		{DA130AE1-CBA9-4EA8-A6B0-C2E5483AA883}.Debug|Any CPU.Build.0 = Debug|Any CPU
		{DA130AE1-CBA9-4EA8-A6B0-C2E5483AA883}.Release|Any CPU.ActiveCfg = Release|Any CPU
		{DA130AE1-CBA9-4EA8-A6B0-C2E5483AA883}.Release|Any CPU.Build.0 = Release|Any CPU
		{F4181037-348E-4BBC-9D3D-155777D3A85E}.Debug|Any CPU.ActiveCfg = Debug|Any CPU
		{F4181037-348E-4BBC-9D3D-155777D3A85E}.Debug|Any CPU.Build.0 = Debug|Any CPU
		{F4181037-348E-4BBC-9D3D-155777D3A85E}.Release|Any CPU.ActiveCfg = Release|Any CPU
		{F4181037-348E-4BBC-9D3D-155777D3A85E}.Release|Any CPU.Build.0 = Release|Any CPU
		{B59F9672-9275-4AE3-9FD0-38FF9CCD3694}.Debug|Any CPU.ActiveCfg = Debug|Any CPU
		{B59F9672-9275-4AE3-9FD0-38FF9CCD3694}.Debug|Any CPU.Build.0 = Debug|Any CPU
		{B59F9672-9275-4AE3-9FD0-38FF9CCD3694}.Release|Any CPU.ActiveCfg = Release|Any CPU
		{B59F9672-9275-4AE3-9FD0-38FF9CCD3694}.Release|Any CPU.Build.0 = Release|Any CPU
		{18F96D26-1279-4265-B836-E10A2B5CBB94}.Debug|Any CPU.ActiveCfg = Debug|Any CPU
		{18F96D26-1279-4265-B836-E10A2B5CBB94}.Debug|Any CPU.Build.0 = Debug|Any CPU
		{18F96D26-1279-4265-B836-E10A2B5CBB94}.Release|Any CPU.ActiveCfg = Release|Any CPU
		{18F96D26-1279-4265-B836-E10A2B5CBB94}.Release|Any CPU.Build.0 = Release|Any CPU
		{34E24F08-6B9B-4269-95B4-E4ADE7AFEE6A}.Debug|Any CPU.ActiveCfg = Debug|Any CPU
		{34E24F08-6B9B-4269-95B4-E4ADE7AFEE6A}.Debug|Any CPU.Build.0 = Debug|Any CPU
		{34E24F08-6B9B-4269-95B4-E4ADE7AFEE6A}.Release|Any CPU.ActiveCfg = Release|Any CPU
		{34E24F08-6B9B-4269-95B4-E4ADE7AFEE6A}.Release|Any CPU.Build.0 = Release|Any CPU
	EndGlobalSection
	GlobalSection(NestedProjects) = preSolution
		{113FCB2F-ED8F-4F23-9882-5AA0E761A6C3} = {FF3EBC5D-1AEF-496A-99BC-C7A5CD65A4D4}
		{DA130AE1-CBA9-4EA8-A6B0-C2E5483AA883} = {FF3EBC5D-1AEF-496A-99BC-C7A5CD65A4D4}
		{F4181037-348E-4BBC-9D3D-155777D3A85E} = {CAEEF1E9-423A-4AFA-9A84-029DF35BA397}
		{945FB8D4-9CCA-463E-BBB3-467A96647666} = {F05CC7CB-B9DE-4172-97A4-71ABF78A2B4A}
		{B59F9672-9275-4AE3-9FD0-38FF9CCD3694} = {1AA1402C-5DE7-4AD1-89DE-48AE40E403C9}
		{18F96D26-1279-4265-B836-E10A2B5CBB94} = {1AA1402C-5DE7-4AD1-89DE-48AE40E403C9}
		{34E24F08-6B9B-4269-95B4-E4ADE7AFEE6A} = {1AA1402C-5DE7-4AD1-89DE-48AE40E403C9}
	EndGlobalSection
EndGlobal
